{
  "version": 4,
  "terraform_version": "1.16.0",
  "serial": 1,
  "lineage": "edfa026a-02f1-fad6-3537-b7a8476712ca",
  "outputs": {},
  "resources": [
    {
      "mode": "managed",
      "type": "openstack_compute_instance_v2",
      "name": "sudar_vm",
      "provider": "provider[\"registry.terraform.io/terraform-provider-openstack/openstack\"]",
      "instances": [
        {
          "schema_version": 0,
          "attributes": {
            "access_ip_v4": "192.168.233.74",
            "access_ip_v6": "",
            "admin_pass": null,
            "all_metadata": {},
            "all_tags": [],
            "availability_zone": "nova",
            "availability_zone_hints": null,
            "block_device": [],
            "config_drive": null,
            "created": "2026-08-28 09:55:28 +0000 UTC",
            "flavor_id": "1",
            "flavor_name": "m1.tiny",
            "floating_ip": null,
            "force_delete": false,
            "id": "12bfeb53-c46f-4c02-93de-4506553fb157",
            "image_id": "458f2b4c-1890-4e33-9aa4-0486873f23d3",
            "image_name": "cirros-0.6.3-x86_64-disk",
            "key_pair": "",
            "metadata": null,
            "name": "devstack-cirros-image",
            "network": [
              {
                "access_network": false,
                "fixed_ip_v4": "192.168.233.74",
                "fixed_ip_v6": "",
                "floating_ip": "",
                "mac": "fa:16:3e:f8:e2:01",
                "name": "shared",
                "port": "",
                "uuid": "70f1eb24-345e-417a-93f0-d6fe9276fc0a"
              }
            ],
            "network_mode": null,
            "personality": [],
            "power_state": "active",
            "region": "RegionOne",
            "scheduler_hints": [],
            "security_groups": [
              "default"
            ],
            "stop_before_destroy": false,
            "tags": null,
            "timeouts": null,
            "updated": "2026-08-28 09:55:45 +0000 UTC",
            "user_data": null,
            "vendor_options": [],
            "volume": []
          },
          "sensitive_attributes": [
            [
              {
                "type": "get_attr",
                "value": "admin_pass"
              }
            ]
          ],
          "identity_schema_version": 0,
          "private": "eyJlMmJmYjczMC1lY2FhLTExZTYtOGY4OC0zNDM2M2JjN2M0YzAiOnsiY3JlYXRlIjoxODAwMDAwMDAwMDAwLCJkZWxldGUiOjE4MDAwMDAwMDAwMDAsInVwZGF0ZSI6MTgwMDAwMDAwMDAwMH19"
        }
      ]
    }
  ],
  "check_results": null
}
