{
  "version": 4,
  "terraform_version": "1.16.0",
  "serial": 2,
  "lineage": "b31a34c0-b479-9cf5-624b-c1a0e4594ca1",
  "outputs": {
    "instance_access_ip_v4": {
      "value": "192.168.199.76",
      "type": "string"
    },
    "instance_id": {
      "value": "99b797e4-25dd-4243-bfe7-780d7fdcbbd4",
      "type": "string"
    },
    "instance_network": {
      "value": [
        {
          "access_network": true,
          "fixed_ip_v4": "192.168.199.76",
          "fixed_ip_v6": "",
          "mac": "fa:16:3e:0a:e1:33",
          "name": "network1",
          "port": "",
          "uuid": "04bb7536-3155-4615-a0e8-c8da997ca1e3"
        }
      ],
      "type": [
        "list",
        [
          "object",
          {
            "access_network": "bool",
            "fixed_ip_v4": "string",
            "fixed_ip_v6": "string",
            "mac": "string",
            "name": "string",
            "port": "string",
            "uuid": "string"
          }
        ]
      ]
    }
  },
  "resources": [
    {
      "module": "module.compute",
      "mode": "managed",
      "type": "openstack_compute_instance_v2",
      "name": "this",
      "provider": "provider[\"registry.terraform.io/terraform-provider-openstack/openstack\"]",
      "instances": [
        {
          "schema_version": 0,
          "attributes": {
            "access_ip_v4": "192.168.199.76",
            "access_ip_v6": "",
            "admin_pass": null,
            "all_metadata": {},
            "all_tags": [],
            "availability_zone": "nova",
            "availability_zone_hints": null,
            "block_device": [],
            "config_drive": null,
            "created": "2026-09-03 04:58:19 +0000 UTC",
            "flavor_id": "c1",
            "flavor_name": "cirros256",
            "force_delete": false,
            "hypervisor_hostname": "",
            "id": "99b797e4-25dd-4243-bfe7-780d7fdcbbd4",
            "image_id": "458f2b4c-1890-4e33-9aa4-0486873f23d3",
            "image_name": "cirros-0.6.3-x86_64-disk",
            "key_pair": "",
            "metadata": null,
            "name": "web-01",
            "network": [
              {
                "access_network": true,
                "fixed_ip_v4": "192.168.199.76",
                "fixed_ip_v6": "",
                "mac": "fa:16:3e:0a:e1:33",
                "name": "network1",
                "port": "",
                "uuid": "04bb7536-3155-4615-a0e8-c8da997ca1e3"
              }
            ],
            "network_mode": null,
            "personality": [],
            "power_state": "active",
            "region": "RegionOne",
            "scheduler_hints": [],
            "security_groups": [
              "default"
            ],
            "stop_before_destroy": false,
            "tags": null,
            "timeouts": null,
            "updated": "2026-09-03 04:58:25 +0000 UTC",
            "user_data": null,
            "vendor_options": []
          },
          "sensitive_attributes": [
            [
              {
                "type": "get_attr",
                "value": "admin_pass"
              }
            ]
          ],
          "identity_schema_version": 0,
          "private": "eyJlMmJmYjczMC1lY2FhLTExZTYtOGY4OC0zNDM2M2JjN2M0YzAiOnsiY3JlYXRlIjoxODAwMDAwMDAwMDAwLCJkZWxldGUiOjE4MDAwMDAwMDAwMDAsInVwZGF0ZSI6MTgwMDAwMDAwMDAwMH19"
        }
      ]
    }
  ],
  "check_results": null
}
